# This file is generated by running "yarn install" inside your project.
# Manual changes might be lost - proceed with caution!

__metadata:
  version: 8
  cacheKey: 10c0

"@redis/bloom@npm:1.2.0":
  version: 1.2.0
  resolution: "@redis/bloom@npm:1.2.0"
  peerDependencies:
    "@redis/client": ^1.0.0
  checksum: 10c0/7dde8e67188164e96226c8a5c78ebd2801f1662947371e78fb95fb180c1e9ddff8d237012eb5e9182775be61cb546f67f759927cdaee0d178d863ee290e1fb27
  languageName: node
  linkType: hard

"@redis/client@npm:1.5.17":
  version: 1.5.17
  resolution: "@redis/client@npm:1.5.17"
  dependencies:
    cluster-key-slot: "npm:1.1.2"
    generic-pool: "npm:3.9.0"
    yallist: "npm:4.0.0"
  checksum: 10c0/967ea3e00b5471de4f5b9aeec4fcc29ad6890deccea197731e891c99edc8ed1e43ad02480a4ed6aac50b29bf337421d893f2d8393271a27d510c644fe92647a7
  languageName: node
  linkType: hard

"@redis/graph@npm:1.1.1":
  version: 1.1.1
  resolution: "@redis/graph@npm:1.1.1"
  peerDependencies:
    "@redis/client": ^1.0.0
  checksum: 10c0/64199db2cb3669c4911af8aba3b7116c4c2c1df37ca74b2a65555e62c863935a0cea74bc41bd92acf2e551074eb2a30c75f54a9f439b40e0f9bb67fc5fb66614
  languageName: node
  linkType: hard

"@redis/json@npm:1.0.6":
  version: 1.0.6
  resolution: "@redis/json@npm:1.0.6"
  peerDependencies:
    "@redis/client": ^1.0.0
  checksum: 10c0/ac6072c33ac4552cf4748b6b2dc5fdc63f7a9396e6453b59ee03831cdde8d495caa90786e04036633d058c39cdf5c6fce903272c43ff942941b15c157ac34498
  languageName: node
  linkType: hard

"@redis/search@npm:1.1.6":
  version: 1.1.6
  resolution: "@redis/search@npm:1.1.6"
  peerDependencies:
    "@redis/client": ^1.0.0
  checksum: 10c0/690b30dc914f013c10c03899ddc5585194e891323c14f4d974d51d912944e50b5f21208e0fc5eed958dde87b730254846e9ffe5caf0b54ff1ff2c64a051df057
  languageName: node
  linkType: hard

"@redis/time-series@npm:1.0.5":
  version: 1.0.5
  resolution: "@redis/time-series@npm:1.0.5"
  peerDependencies:
    "@redis/client": ^1.0.0
  checksum: 10c0/3c7f31f64a5f215534db6f0a10845be046ffee2928972037713acdd72cdb9ccc4a476ecce70d896333346a8f4081bd2139a4d50da4d19b9d61a6836066188d68
  languageName: node
  linkType: hard

"cluster-key-slot@npm:1.1.2":
  version: 1.1.2
  resolution: "cluster-key-slot@npm:1.1.2"
  checksum: 10c0/d7d39ca28a8786e9e801eeb8c770e3c3236a566625d7299a47bb71113fb2298ce1039596acb82590e598c52dbc9b1f088c8f587803e697cb58e1867a95ff94d3
  languageName: node
  linkType: hard

"generic-pool@npm:3.9.0":
  version: 3.9.0
  resolution: "generic-pool@npm:3.9.0"
  checksum: 10c0/6b314d0d71170d5cbaf7162c423f53f8d6556b2135626a65bcdc03c089840b0a2f59eeb2d907939b8200e945eaf71ceb6630426f22d2128a1d242aec4b232aa7
  languageName: node
  linkType: hard

"react-native-keet-link-sdk@workspace:.":
  version: 0.0.0-use.local
  resolution: "react-native-keet-link-sdk@workspace:."
  dependencies:
    src: "npm:^1.1.2"
  peerDependencies:
    react: "*"
    react-native: "*"
  languageName: unknown
  linkType: soft

"redis-url@npm:~0.2.0":
  version: 0.2.0
  resolution: "redis-url@npm:0.2.0"
  dependencies:
    redis: "npm:>= 0.0.1"
  checksum: 10c0/2c2d20df29871c48f379b2d8e05afc145257b71ab5e9da164e6a77ae338c0a7709a9cf932a0d5e19e28af896d26e6e897e6565c1e6afc305c15d0459f836e24c
  languageName: node
  linkType: hard

"redis@npm:>= 0.0.1":
  version: 4.6.15
  resolution: "redis@npm:4.6.15"
  dependencies:
    "@redis/bloom": "npm:1.2.0"
    "@redis/client": "npm:1.5.17"
    "@redis/graph": "npm:1.1.1"
    "@redis/json": "npm:1.0.6"
    "@redis/search": "npm:1.1.6"
    "@redis/time-series": "npm:1.0.5"
  checksum: 10c0/6c8e3fd5af8154686c2a4320728a1f032f11fea1d57b66ad6dc7ef9e3e67fc9656d5d52445bb38b574cfc8598e88703178f1d42d388cfd392c2e7a66631aa189
  languageName: node
  linkType: hard

"src@npm:^1.1.2":
  version: 1.1.2
  resolution: "src@npm:1.1.2"
  dependencies:
    redis-url: "npm:~0.2.0"
    underscore: "npm:~1.6.0"
    uuid: "npm:~1.4.1"
  checksum: 10c0/ed81a2fdca6318cc1db952f025f0041bb7ff0d1c527ebdff10ba0709f7409200d95802be677853268ec5e575414b66770b208adccda4f7d739fec676e70cbe2b
  languageName: node
  linkType: hard

"underscore@npm:~1.6.0":
  version: 1.6.0
  resolution: "underscore@npm:1.6.0"
  checksum: 10c0/23db03890dc042984b5a6082f2784969aa1af0110b11486347b84e3e1c5ebc3a83531cfc031097900ccfc88cf2ded43970220d94e388e5b10e56519813d7d029
  languageName: node
  linkType: hard

"uuid@npm:~1.4.1":
  version: 1.4.2
  resolution: "uuid@npm:1.4.2"
  checksum: 10c0/4d031fba5c52f0d1d7b1cb1a0a62f6b5b484e1c97c5250d94de0af939363fc39cf28f5143e8cd28a4cb804e7306727e40d627b1de7665bbe3c0d29f5b4f4dd4a
  languageName: node
  linkType: hard

"yallist@npm:4.0.0":
  version: 4.0.0
  resolution: "yallist@npm:4.0.0"
  checksum: 10c0/2286b5e8dbfe22204ab66e2ef5cc9bbb1e55dfc873bbe0d568aa943eb255d131890dfd5bf243637273d31119b870f49c18fcde2c6ffbb7a7a092b870dc90625a
  languageName: node
  linkType: hard
